
Microsoft Visual Studio Solution File, Format Version 12.00
# Visual Studio Version 17
VisualStudioVersion = 17.8.34601.278
MinimumVisualStudioVersion = 10.0.40219.1
Project("{FAE04EC0-301F-11D3-BF4B-00C04F79EFBC}") = "Yafers.Web", "Yafers.Web\Yafers.Web\Yafers.Web.csproj", "{3B5A0B2B-6799-4631-ACFF-1C3EE8773A5D}"
EndProject
Project("{FAE04EC0-301F-11D3-BF4B-00C04F79EFBC}") = "Yafers.Web.Client", "Yafers.Web\Yafers.Web.Client\Yafers.Web.Client.csproj", "{253C001B-23AD-4DD8-9E90-2DC9AEAC81F9}"
EndProject
Global
	GlobalSection(SolutionConfigurationPlatforms) = preSolution
		Debug|Any CPU = Debug|Any CPU
		Release|Any CPU = Release|Any CPU
	EndGlobalSection
	GlobalSection(ProjectConfigurationPlatforms) = postSolution
		{3B5A0B2B-6799-4631-ACFF-1C3EE8773A5D}.Debug|Any CPU.ActiveCfg = Debug|Any CPU
		{3B5A0B2B-6799-4631-ACFF-1C3EE8773A5D}.Debug|Any CPU.Build.0 = Debug|Any CPU
		{3B5A0B2B-6799-4631-ACFF-1C3EE8773A5D}.Release|Any CPU.ActiveCfg = Release|Any CPU
		{3B5A0B2B-6799-4631-ACFF-1C3EE8773A5D}.Release|Any CPU.Build.0 = Release|Any CPU
		{253C001B-23AD-4DD8-9E90-2DC9AEAC81F9}.Debug|Any CPU.ActiveCfg = Debug|Any CPU
		{253C001B-23AD-4DD8-9E90-2DC9AEAC81F9}.Debug|Any CPU.Build.0 = Debug|Any CPU
		{253C001B-23AD-4DD8-9E90-2DC9AEAC81F9}.Release|Any CPU.ActiveCfg = Release|Any CPU
		{253C001B-23AD-4DD8-9E90-2DC9AEAC81F9}.Release|Any CPU.Build.0 = Release|Any CPU
	EndGlobalSection
	GlobalSection(SolutionProperties) = preSolution
		HideSolutionNode = FALSE
	EndGlobalSection
	GlobalSection(ExtensibilityGlobals) = postSolution
		SolutionGuid = {F7061A80-0A4F-407A-B7E9-91F849046587}
	EndGlobalSection
EndGlobal
